// !$*UTF8*$!
{
	archiveVersion = 1;
	classes = {
	};
	objectVersion = 50;
	objects = {

/* Begin PBXBuildFile section */
		593D9581262A7E4F00EE9C09 /* SetGameApp.swift in Sources */ = {isa = PBXBuildFile; fileRef = 593D9580262A7E4F00EE9C09 /* SetGameApp.swift */; };
		593D9583262A7E4F00EE9C09 /* ContentView.swift in Sources */ = {isa = PBXBuildFile; fileRef = 593D9582262A7E4F00EE9C09 /* ContentView.swift */; };
		593D9585262A7E5100EE9C09 /* Assets.xcassets in Resources */ = {isa = PBXBuildFile; fileRef = 593D9584262A7E5100EE9C09 /* Assets.xcassets */; };
		593D9588262A7E5100EE9C09 /* Preview Assets.xcassets in Resources */ = {isa = PBXBuildFile; fileRef = 593D9587262A7E5100EE9C09 /* Preview Assets.xcassets */; };
		593D9592262A7EF100EE9C09 /* GridLayout.swift in Sources */ = {isa = PBXBuildFile; fileRef = 593D9591262A7EF000EE9C09 /* GridLayout.swift */; };
		593D9595262A7F2700EE9C09 /* Grid.swift in Sources */ = {isa = PBXBuildFile; fileRef = 593D9594262A7F2700EE9C09 /* Grid.swift */; };
		593D95A0262A841B00EE9C09 /* DiamondShape.swift in Sources */ = {isa = PBXBuildFile; fileRef = 593D959F262A841B00EE9C09 /* DiamondShape.swift */; };
		593D95A3262A889600EE9C09 /* CardView.swift in Sources */ = {isa = PBXBuildFile; fileRef = 593D95A2262A889600EE9C09 /* CardView.swift */; };
		593D95A6262A89CF00EE9C09 /* SetGame.swift in Sources */ = {isa = PBXBuildFile; fileRef = 593D95A5262A89CF00EE9C09 /* SetGame.swift */; };
		593D95AA262A957400EE9C09 /* SetGameViewModel.swift in Sources */ = {isa = PBXBuildFile; fileRef = 593D95A9262A957400EE9C09 /* SetGameViewModel.swift */; };
		593D95AD262A9B4200EE9C09 /* BackgroundView.swift in Sources */ = {isa = PBXBuildFile; fileRef = 593D95AC262A9B4200EE9C09 /* BackgroundView.swift */; };
/* End PBXBuildFile section */

/* Begin PBXFileReference section */
		593D957D262A7E4F00EE9C09 /* SetGame.app */ = {isa = PBXFileReference; explicitFileType = wrapper.application; includeInIndex = 0; path = SetGame.app; sourceTree = BUILT_PRODUCTS_DIR; };
		593D9580262A7E4F00EE9C09 /* SetGameApp.swift */ = {isa = PBXFileReference; lastKnownFileType = sourcecode.swift; path = SetGameApp.swift; sourceTree = "<group>"; };
		593D9582262A7E4F00EE9C09 /* ContentView.swift */ = {isa = PBXFileReference; lastKnownFileType = sourcecode.swift; path = ContentView.swift; sourceTree = "<group>"; };
		593D9584262A7E5100EE9C09 /* Assets.xcassets */ = {isa = PBXFileReference; lastKnownFileType = folder.assetcatalog; path = Assets.xcassets; sourceTree = "<group>"; };
		593D9587262A7E5100EE9C09 /* Preview Assets.xcassets */ = {isa = PBXFileReference; lastKnownFileType = folder.assetcatalog; path = "Preview Assets.xcassets"; sourceTree = "<group>"; };
		593D9589262A7E5100EE9C09 /* Info.plist */ = {isa = PBXFileReference; lastKnownFileType = text.plist.xml; path = Info.plist; sourceTree = "<group>"; };
		593D9591262A7EF000EE9C09 /* GridLayout.swift */ = {isa = PBXFileReference; fileEncoding = 4; lastKnownFileType = sourcecode.swift; path = GridLayout.swift; sourceTree = "<group>"; };
		593D9594262A7F2700EE9C09 /* Grid.swift */ = {isa = PBXFileReference; fileEncoding = 4; lastKnownFileType = sourcecode.swift; path = Grid.swift; sourceTree = "<group>"; };
		593D959F262A841B00EE9C09 /* DiamondShape.swift */ = {isa = PBXFileReference; lastKnownFileType = sourcecode.swift; path = DiamondShape.swift; sourceTree = "<group>"; };
		593D95A2262A889600EE9C09 /* CardView.swift */ = {isa = PBXFileReference; lastKnownFileType = sourcecode.swift; path = CardView.swift; sourceTree = "<group>"; };
		593D95A5262A89CF00EE9C09 /* SetGame.swift */ = {isa = PBXFileReference; lastKnownFileType = sourcecode.swift; path = SetGame.swift; sourceTree = "<group>"; };
		593D95A9262A957400EE9C09 /* SetGameViewModel.swift */ = {isa = PBXFileReference; lastKnownFileType = sourcecode.swift; path = SetGameViewModel.swift; sourceTree = "<group>"; };
		593D95AC262A9B4200EE9C09 /* BackgroundView.swift */ = {isa = PBXFileReference; fileEncoding = 4; lastKnownFileType = sourcecode.swift; path = BackgroundView.swift; sourceTree = "<group>"; };
/* End PBXFileReference section */

/* Begin PBXFrameworksBuildPhase section */
		593D957A262A7E4F00EE9C09 /* Frameworks */ = {
			isa = PBXFrameworksBuildPhase;
			buildActionMask = 2147483647;
			files = (
			);
			runOnlyForDeploymentPostprocessing = 0;
		};
/* End PBXFrameworksBuildPhase section */

/* Begin PBXGroup section */
		593D9574262A7E4F00EE9C09 = {
			isa = PBXGroup;
			children = (
				593D957F262A7E4F00EE9C09 /* SetGame */,
				593D957E262A7E4F00EE9C09 /* Products */,
			);
			sourceTree = "<group>";
		};
		593D957E262A7E4F00EE9C09 /* Products */ = {
			isa = PBXGroup;
			children = (
				593D957D262A7E4F00EE9C09 /* SetGame.app */,
			);
			name = Products;
			sourceTree = "<group>";
		};
		593D957F262A7E4F00EE9C09 /* SetGame */ = {
			isa = PBXGroup;
			children = (
				593D9590262A7ECD00EE9C09 /* Model */,
				593D9597262A7F3A00EE9C09 /* View */,
				593D95A8262A956700EE9C09 /* ViewModel */,
				593D9580262A7E4F00EE9C09 /* SetGameApp.swift */,
				593D9584262A7E5100EE9C09 /* Assets.xcassets */,
				593D9589262A7E5100EE9C09 /* Info.plist */,
				593D9586262A7E5100EE9C09 /* Preview Content */,
			);
			path = SetGame;
			sourceTree = "<group>";
		};
		593D9586262A7E5100EE9C09 /* Preview Content */ = {
			isa = PBXGroup;
			children = (
				593D9587262A7E5100EE9C09 /* Preview Assets.xcassets */,
			);
			path = "Preview Content";
			sourceTree = "<group>";
		};
		593D9590262A7ECD00EE9C09 /* Model */ = {
			isa = PBXGroup;
			children = (
				593D9591262A7EF000EE9C09 /* GridLayout.swift */,
				593D95A5262A89CF00EE9C09 /* SetGame.swift */,
			);
			path = Model;
			sourceTree = "<group>";
		};
		593D9597262A7F3A00EE9C09 /* View */ = {
			isa = PBXGroup;
			children = (
				593D9599262A822B00EE9C09 /* Shapes */,
				593D9582262A7E4F00EE9C09 /* ContentView.swift */,
				593D95AC262A9B4200EE9C09 /* BackgroundView.swift */,
				593D9594262A7F2700EE9C09 /* Grid.swift */,
				593D95A2262A889600EE9C09 /* CardView.swift */,
			);
			path = View;
			sourceTree = "<group>";
		};
		593D9599262A822B00EE9C09 /* Shapes */ = {
			isa = PBXGroup;
			children = (
				593D959F262A841B00EE9C09 /* DiamondShape.swift */,
			);
			path = Shapes;
			sourceTree = "<group>";
		};
		593D95A8262A956700EE9C09 /* ViewModel */ = {
			isa = PBXGroup;
			children = (
				593D95A9262A957400EE9C09 /* SetGameViewModel.swift */,
			);
			path = ViewModel;
			sourceTree = "<group>";
		};
/* End PBXGroup section */

/* Begin PBXNativeTarget section */
		593D957C262A7E4F00EE9C09 /* SetGame */ = {
			isa = PBXNativeTarget;
			buildConfigurationList = 593D958C262A7E5100EE9C09 /* Build configuration list for PBXNativeTarget "SetGame" */;
			buildPhases = (
				593D9579262A7E4F00EE9C09 /* Sources */,
				593D957A262A7E4F00EE9C09 /* Frameworks */,
				593D957B262A7E4F00EE9C09 /* Resources */,
			);
			buildRules = (
			);
			dependencies = (
			);
			name = SetGame;
			productName = SetGame;
			productReference = 593D957D262A7E4F00EE9C09 /* SetGame.app */;
			productType = "com.apple.product-type.application";
		};
/* End PBXNativeTarget section */

/* Begin PBXProject section */
		593D9575262A7E4F00EE9C09 /* Project object */ = {
			isa = PBXProject;
			attributes = {
				LastSwiftUpdateCheck = 1240;
				LastUpgradeCheck = 1240;
				TargetAttributes = {
					593D957C262A7E4F00EE9C09 = {
						CreatedOnToolsVersion = 12.4;
					};
				};
			};
			buildConfigurationList = 593D9578262A7E4F00EE9C09 /* Build configuration list for PBXProject "SetGame" */;
			compatibilityVersion = "Xcode 9.3";
			developmentRegion = en;
			hasScannedForEncodings = 0;
			knownRegions = (
				en,
				Base,
			);
			mainGroup = 593D9574262A7E4F00EE9C09;
			productRefGroup = 593D957E262A7E4F00EE9C09 /* Products */;
			projectDirPath = "";
			projectRoot = "";
			targets = (
				593D957C262A7E4F00EE9C09 /* SetGame */,
			);
		};
/* End PBXProject section */

/* Begin PBXResourcesBuildPhase section */
		593D957B262A7E4F00EE9C09 /* Resources */ = {
			isa = PBXResourcesBuildPhase;
			buildActionMask = 2147483647;
			files = (
				593D9588262A7E5100EE9C09 /* Preview Assets.xcassets in Resources */,
				593D9585262A7E5100EE9C09 /* Assets.xcassets in Resources */,
			);
			runOnlyForDeploymentPostprocessing = 0;
		};
/* End PBXResourcesBuildPhase section */

/* Begin PBXSourcesBuildPhase section */
		593D9579262A7E4F00EE9C09 /* Sources */ = {
			isa = PBXSourcesBuildPhase;
			buildActionMask = 2147483647;
			files = (
				593D95AD262A9B4200EE9C09 /* BackgroundView.swift in Sources */,
				593D9592262A7EF100EE9C09 /* GridLayout.swift in Sources */,
				593D9583262A7E4F00EE9C09 /* ContentView.swift in Sources */,
				593D95A0262A841B00EE9C09 /* DiamondShape.swift in Sources */,
				593D95AA262A957400EE9C09 /* SetGameViewModel.swift in Sources */,
				593D9581262A7E4F00EE9C09 /* SetGameApp.swift in Sources */,
				593D95A3262A889600EE9C09 /* CardView.swift in Sources */,
				593D9595262A7F2700EE9C09 /* Grid.swift in Sources */,
				593D95A6262A89CF00EE9C09 /* SetGame.swift in Sources */,
			);
			runOnlyForDeploymentPostprocessing = 0;
		};
/* End PBXSourcesBuildPhase section */

/* Begin XCBuildConfiguration section */
		593D958A262A7E5100EE9C09 /* Debug */ = {
			isa = XCBuildConfiguration;
			buildSettings = {
				ALWAYS_SEARCH_USER_PATHS = NO;
				CLANG_ANALYZER_NONNULL = YES;
				CLANG_ANALYZER_NUMBER_OBJECT_CONVERSION = YES_AGGRESSIVE;
				CLANG_CXX_LANGUAGE_STANDARD = "gnu++14";
				CLANG_CXX_LIBRARY = "libc++";
				CLANG_ENABLE_MODULES = YES;
				CLANG_ENABLE_OBJC_ARC = YES;
				CLANG_ENABLE_OBJC_WEAK = YES;
				CLANG_WARN_BLOCK_CAPTURE_AUTORELEASING = YES;
				CLANG_WARN_BOOL_CONVERSION = YES;
				CLANG_WARN_COMMA = YES;
				CLANG_WARN_CONSTANT_CONVERSION = YES;
				CLANG_WARN_DEPRECATED_OBJC_IMPLEMENTATIONS = YES;
				CLANG_WARN_DIRECT_OBJC_ISA_USAGE = YES_ERROR;
				CLANG_WARN_DOCUMENTATION_COMMENTS = YES;
				CLANG_WARN_EMPTY_BODY = YES;
				CLANG_WARN_ENUM_CONVERSION = YES;
				CLANG_WARN_INFINITE_RECURSION = YES;
				CLANG_WARN_INT_CONVERSION = YES;
				CLANG_WARN_NON_LITERAL_NULL_CONVERSION = YES;
				CLANG_WARN_OBJC_IMPLICIT_RETAIN_SELF = YES;
				CLANG_WARN_OBJC_LITERAL_CONVERSION = YES;
				CLANG_WARN_OBJC_ROOT_CLASS = YES_ERROR;
				CLANG_WARN_QUOTED_INCLUDE_IN_FRAMEWORK_HEADER = YES;
				CLANG_WARN_RANGE_LOOP_ANALYSIS = YES;
				CLANG_WARN_STRICT_PROTOTYPES = YES;
				CLANG_WARN_SUSPICIOUS_MOVE = YES;
				CLANG_WARN_UNGUARDED_AVAILABILITY = YES_AGGRESSIVE;
				CLANG_WARN_UNREACHABLE_CODE = YES;
				CLANG_WARN__DUPLICATE_METHOD_MATCH = YES;
				COPY_PHASE_STRIP = NO;
				DEBUG_INFORMATION_FORMAT = dwarf;
				ENABLE_STRICT_OBJC_MSGSEND = YES;
				ENABLE_TESTABILITY = YES;
				GCC_C_LANGUAGE_STANDARD = gnu11;
				GCC_DYNAMIC_NO_PIC = NO;
				GCC_NO_COMMON_BLOCKS = YES;
				GCC_OPTIMIZATION_LEVEL = 0;
				GCC_PREPROCESSOR_DEFINITIONS = (
					"DEBUG=1",
					"$(inherited)",
				);
				GCC_WARN_64_TO_32_BIT_CONVERSION = YES;
				GCC_WARN_ABOUT_RETURN_TYPE = YES_ERROR;
				GCC_WARN_UNDECLARED_SELECTOR = YES;
				GCC_WARN_UNINITIALIZED_AUTOS = YES_AGGRESSIVE;
				GCC_WARN_UNUSED_FUNCTION = YES;
				GCC_WARN_UNUSED_VARIABLE = YES;
				IPHONEOS_DEPLOYMENT_TARGET = 14.4;
				MTL_ENABLE_DEBUG_INFO = INCLUDE_SOURCE;
				MTL_FAST_MATH = YES;
				ONLY_ACTIVE_ARCH = YES;
				SDKROOT = iphoneos;
				SWIFT_ACTIVE_COMPILATION_CONDITIONS = DEBUG;
				SWIFT_OPTIMIZATION_LEVEL = "-Onone";
			};
			name = Debug;
		};
		593D958B262A7E5100EE9C09 /* Release */ = {
			isa = XCBuildConfiguration;
			buildSettings = {
				ALWAYS_SEARCH_USER_PATHS = NO;
				CLANG_ANALYZER_NONNULL = YES;
				CLANG_ANALYZER_NUMBER_OBJECT_CONVERSION = YES_AGGRESSIVE;
				CLANG_CXX_LANGUAGE_STANDARD = "gnu++14";
				CLANG_CXX_LIBRARY = "libc++";
				CLANG_ENABLE_MODULES = YES;
				CLANG_ENABLE_OBJC_ARC = YES;
				CLANG_ENABLE_OBJC_WEAK = YES;
				CLANG_WARN_BLOCK_CAPTURE_AUTORELEASING = YES;
				CLANG_WARN_BOOL_CONVERSION = YES;
				CLANG_WARN_COMMA = YES;
				CLANG_WARN_CONSTANT_CONVERSION = YES;
				CLANG_WARN_DEPRECATED_OBJC_IMPLEMENTATIONS = YES;
				CLANG_WARN_DIRECT_OBJC_ISA_USAGE = YES_ERROR;
				CLANG_WARN_DOCUMENTATION_COMMENTS = YES;
				CLANG_WARN_EMPTY_BODY = YES;
				CLANG_WARN_ENUM_CONVERSION = YES;
				CLANG_WARN_INFINITE_RECURSION = YES;
				CLANG_WARN_INT_CONVERSION = YES;
				CLANG_WARN_NON_LITERAL_NULL_CONVERSION = YES;
				CLANG_WARN_OBJC_IMPLICIT_RETAIN_SELF = YES;
				CLANG_WARN_OBJC_LITERAL_CONVERSION = YES;
				CLANG_WARN_OBJC_ROOT_CLASS = YES_ERROR;
				CLANG_WARN_QUOTED_INCLUDE_IN_FRAMEWORK_HEADER = YES;
				CLANG_WARN_RANGE_LOOP_ANALYSIS = YES;
				CLANG_WARN_STRICT_PROTOTYPES = YES;
				CLANG_WARN_SUSPICIOUS_MOVE = YES;
				CLANG_WARN_UNGUARDED_AVAILABILITY = YES_AGGRESSIVE;
				CLANG_WARN_UNREACHABLE_CODE = YES;
				CLANG_WARN__DUPLICATE_METHOD_MATCH = YES;
				COPY_PHASE_STRIP = NO;
				DEBUG_INFORMATION_FORMAT = "dwarf-with-dsym";
				ENABLE_NS_ASSERTIONS = NO;
				ENABLE_STRICT_OBJC_MSGSEND = YES;
				GCC_C_LANGUAGE_STANDARD = gnu11;
				GCC_NO_COMMON_BLOCKS = YES;
				GCC_WARN_64_TO_32_BIT_CONVERSION = YES;
				GCC_WARN_ABOUT_RETURN_TYPE = YES_ERROR;
				GCC_WARN_UNDECLARED_SELECTOR = YES;
				GCC_WARN_UNINITIALIZED_AUTOS = YES_AGGRESSIVE;
				GCC_WARN_UNUSED_FUNCTION = YES;
				GCC_WARN_UNUSED_VARIABLE = YES;
				IPHONEOS_DEPLOYMENT_TARGET = 14.4;
				MTL_ENABLE_DEBUG_INFO = NO;
				MTL_FAST_MATH = YES;
				SDKROOT = iphoneos;
				SWIFT_COMPILATION_MODE = wholemodule;
				SWIFT_OPTIMIZATION_LEVEL = "-O";
				VALIDATE_PRODUCT = YES;
			};
			name = Release;
		};
		593D958D262A7E5100EE9C09 /* Debug */ = {
			isa = XCBuildConfiguration;
			buildSettings = {
				ASSETCATALOG_COMPILER_APPICON_NAME = AppIcon;
				ASSETCATALOG_COMPILER_GLOBAL_ACCENT_COLOR_NAME = AccentColor;
				CODE_SIGN_STYLE = Automatic;
				DEVELOPMENT_ASSET_PATHS = "\"SetGame/Preview Content\"";
				DEVELOPMENT_TEAM = S7TYYXV76U;
				ENABLE_PREVIEWS = YES;
				INFOPLIST_FILE = SetGame/Info.plist;
				IPHONEOS_DEPLOYMENT_TARGET = 14.0;
				LD_RUNPATH_SEARCH_PATHS = (
					"$(inherited)",
					"@executable_path/Frameworks",
				);
				PRODUCT_BUNDLE_IDENTIFIER = br.dev.valmirt.SetGame;
				PRODUCT_NAME = "$(TARGET_NAME)";
				SWIFT_VERSION = 5.0;
				TARGETED_DEVICE_FAMILY = "1,2";
			};
			name = Debug;
		};
		593D958E262A7E5100EE9C09 /* Release */ = {
			isa = XCBuildConfiguration;
			buildSettings = {
				ASSETCATALOG_COMPILER_APPICON_NAME = AppIcon;
				ASSETCATALOG_COMPILER_GLOBAL_ACCENT_COLOR_NAME = AccentColor;
				CODE_SIGN_STYLE = Automatic;
				DEVELOPMENT_ASSET_PATHS = "\"SetGame/Preview Content\"";
				DEVELOPMENT_TEAM = S7TYYXV76U;
				ENABLE_PREVIEWS = YES;
				INFOPLIST_FILE = SetGame/Info.plist;
				IPHONEOS_DEPLOYMENT_TARGET = 14.0;
				LD_RUNPATH_SEARCH_PATHS = (
					"$(inherited)",
					"@executable_path/Frameworks",
				);
				PRODUCT_BUNDLE_IDENTIFIER = br.dev.valmirt.SetGame;
				PRODUCT_NAME = "$(TARGET_NAME)";
				SWIFT_VERSION = 5.0;
				TARGETED_DEVICE_FAMILY = "1,2";
			};
			name = Release;
		};
/* End XCBuildConfiguration section */

/* Begin XCConfigurationList section */
		593D9578262A7E4F00EE9C09 /* Build configuration list for PBXProject "SetGame" */ = {
			isa = XCConfigurationList;
			buildConfigurations = (
				593D958A262A7E5100EE9C09 /* Debug */,
				593D958B262A7E5100EE9C09 /* Release */,
			);
			defaultConfigurationIsVisible = 0;
			defaultConfigurationName = Release;
		};
		593D958C262A7E5100EE9C09 /* Build configuration list for PBXNativeTarget "SetGame" */ = {
			isa = XCConfigurationList;
			buildConfigurations = (
				593D958D262A7E5100EE9C09 /* Debug */,
				593D958E262A7E5100EE9C09 /* Release */,
			);
			defaultConfigurationIsVisible = 0;
			defaultConfigurationName = Release;
		};
/* End XCConfigurationList section */
	};
	rootObject = 593D9575262A7E4F00EE9C09 /* Project object */;
}
